{
  "name": "pgsql-ast-parser-test",
  "version": "1.0.0",
  "lockfileVersion": 3,
  "requires": true,
  "packages": {
    "": {
      "name": "pgsql-ast-parser-test",
      "version": "1.0.0",
      "license": "ISC",
      "dependencies": {
        "pgsql-ast-parser": "file:../pkg/pgsql-ast-parser/lib"
      }
    },
    "../pkg/pgsql-ast-parser/lib": {
      "name": "pgsql-ast-parser",
      "version": "12.0.1",
      "license": "MIT",
      "dependencies": {
        "moo": "file:/Users/nishigusa/tmp/sql_parser_test/pkg/moo",
        "nearley": "file:/Users/nishigusa/tmp/sql_parser_test/pkg/nearley"
      },
      "devDependencies": {
        "@types/chai": "^4.2.11",
        "@types/mocha": "^8.0.0",
        "@types/moo": "^0.5.3",
        "@types/nearley": "^2.11.1",
        "chai": "^4.2.0",
        "copy-webpack-plugin": "^6.0.3",
        "cross-env": "^7.0.2",
        "istanbul-instrumenter-loader": "^3.0.1",
        "mocha": "^8.0.1",
        "mochapack": "^2.0.3",
        "nyc": "^15.1.0",
        "rimraf": "^3.0.2",
        "ts-loader": "^8.0.0",
        "ts-node": "^8.10.2",
        "typescript": "^4.7.4",
        "vscode-mocha-hmr": "^1.0.0",
        "webpack": "^4.43.0",
        "webpack-cli": "^3.3.12",
        "webpack-dev-server": "^4.10.0",
        "webpack-node-externals": "^1.7.2"
      }
    },
    "node_modules/pgsql-ast-parser": {
      "resolved": "../pkg/pgsql-ast-parser/lib",
      "link": true
    }
  }
}
