# THIS IS AN AUTOGENERATED FILE. DO NOT EDIT THIS FILE DIRECTLY.
# yarn lockfile v1


pg-query-emscripten@^5.1.0:
  version "5.1.0"
  resolved "https://registry.yarnpkg.com/pg-query-emscripten/-/pg-query-emscripten-5.1.0.tgz#b432b8fc0ffde16793db38291bc575c73a7a3f97"
  integrity sha512-H1ZWOzLRddmHuE4GZqFjjo55hA9zMiePz/WDDGANA/EnvILCJps9pcRucyGd+MFvapeYOy6TWSYz6DbtBOaxRQ==
